
Microsoft Visual Studio Solution File, Format Version 12.00
# Visual Studio Version 17
VisualStudioVersion = 17.5.002.0
MinimumVisualStudioVersion = 10.0.40219.1
Project("{9A19103F-16F7-4668-BE54-9A1E7A4F7556}") = "ToDoList", "ToDoList.csproj", "{348DCEB1-356E-4451-BAD6-DE8C42BAE5D8}"
EndProject
Global
	GlobalSection(SolutionConfigurationPlatforms) = preSolution
		Debug|Any CPU = Debug|Any CPU
		Release|Any CPU = Release|Any CPU
	EndGlobalSection
	GlobalSection(ProjectConfigurationPlatforms) = postSolution
		{348DCEB1-356E-4451-BAD6-DE8C42BAE5D8}.Debug|Any CPU.ActiveCfg = Debug|Any CPU
		{348DCEB1-356E-4451-BAD6-DE8C42BAE5D8}.Debug|Any CPU.Build.0 = Debug|Any CPU
		{348DCEB1-356E-4451-BAD6-DE8C42BAE5D8}.Release|Any CPU.ActiveCfg = Release|Any CPU
		{348DCEB1-356E-4451-BAD6-DE8C42BAE5D8}.Release|Any CPU.Build.0 = Release|Any CPU
	EndGlobalSection
	GlobalSection(SolutionProperties) = preSolution
		HideSolutionNode = FALSE
	EndGlobalSection
	GlobalSection(ExtensibilityGlobals) = postSolution
		SolutionGuid = {B3953563-E8F8-4412-9636-38C764BC8A7F}
	EndGlobalSection
EndGlobal
